
Microsoft Visual Studio Solution File, Format Version 12.00
# Visual Studio 15
VisualStudioVersion = 15.0.28010.2048
MinimumVisualStudioVersion = 10.0.40219.1
Project("{FAE04EC0-301F-11D3-BF4B-00C04F79EFBC}") = "tableau (liste) 6", "tableau (liste) 6\tableau (liste) 6.csproj", "{7DDB7F06-4F1E-495C-A3BF-269B2DC345A0}"
EndProject
Global
	GlobalSection(SolutionConfigurationPlatforms) = preSolution
		Debug|Any CPU = Debug|Any CPU
		Release|Any CPU = Release|Any CPU
	EndGlobalSection
	GlobalSection(ProjectConfigurationPlatforms) = postSolution
		{7DDB7F06-4F1E-495C-A3BF-269B2DC345A0}.Debug|Any CPU.ActiveCfg = Debug|Any CPU
		{7DDB7F06-4F1E-495C-A3BF-269B2DC345A0}.Debug|Any CPU.Build.0 = Debug|Any CPU
		{7DDB7F06-4F1E-495C-A3BF-269B2DC345A0}.Release|Any CPU.ActiveCfg = Release|Any CPU
		{7DDB7F06-4F1E-495C-A3BF-269B2DC345A0}.Release|Any CPU.Build.0 = Release|Any CPU
	EndGlobalSection
	GlobalSection(SolutionProperties) = preSolution
		HideSolutionNode = FALSE
	EndGlobalSection
	GlobalSection(ExtensibilityGlobals) = postSolution
		SolutionGuid = {425373AD-E40C-4E32-8A42-A8CB5E7A18D9}
	EndGlobalSection
EndGlobal
